version = 1
revision = 3
requires-python = ">=3.14"

[[package]]
name = "clang-format"
version = "14.0.6"
source = { registry = "https://pypi.org/simple" }
sdist = { url = "https://files.pythonhosted.org/packages/0c/92/d57c1b3ea310ae0f48ab51a5aa2c87c4c732c3d79037ad2527f2eed7ca34/clang-format-14.0.6.tar.gz", hash = "sha256:d5c96b500d7f8b5d2db5b75ac035be387512850ad589cdc3019666b861382136", size = 9598, upload-time = "2022-06-27T11:34:36.46Z" }
wheels = [
    { url = "https://files.pythonhosted.org/packages/08/62/71ffc9213f66cab7dd5adc5e933b5f64323272c197fcff2905674016c03d/clang_format-14.0.6-py2.py3-none-macosx_10_9_universal2.whl", hash = "sha256:bd400c47665dd19afc03f98e747f78ed828abab99c6a1b07e137b35c1cd3cc26", size = 1016919, upload-time = "2022-06-27T11:33:40.936Z" },
    { url = "https://files.pythonhosted.org/packages/5f/de/f666633c30a4cc9e987d153db992849bfeea03ad200bf1cfa937039c64ff/clang_format-14.0.6-py2.py3-none-manylinux_2_12_i686.manylinux2010_i686.whl", hash = "sha256:13f2d6d4a2af004a783c65f0921afa8f0384bffcdaf500b6c2cb542edeb0b4a5", size = 1259649, upload-time = "2022-06-27T11:34:01.64Z" },
    { url = "https://files.pythonhosted.org/packages/ce/27/df41404419d9116e071d0b8a5ba0a0969d9db7587af689ec81ec75c1f18a/clang_format-14.0.6-py2.py3-none-manylinux_2_12_x86_64.manylinux2010_x86_64.whl", hash = "sha256:d7c1c5e404c58e55f0170f01b3c5611dce6c119e62b5d1020347e0ad97d5a047", size = 1147591, upload-time = "2022-06-27T11:34:08.688Z" },
    { url = "https://files.pythonhosted.org/packages/23/e4/ea55429601432913e9fe40686c3c09a79338075c830a523fabc71aa49c69/clang_format-14.0.6-py2.py3-none-manylinux_2_17_aarch64.manylinux2014_aarch64.whl", hash = "sha256:dbfd60528eb3bb7d7cfe8576faa70845fbf93601f815ef75163d36606e87f388", size = 1205157, upload-time = "2022-06-27T11:34:13.842Z" },
    { url = "https://files.pythonhosted.org/packages/8c/67/e1faf73ea166669e1698f55f3ae366369db57d75eb3b6c04c93620ebac12/clang_format-14.0.6-py2.py3-none-manylinux_2_17_ppc64le.manylinux2014_ppc64le.whl", hash = "sha256:c93580945f75de7e01996f1fb3cf67e4dc424f1c864e237c85614fb99a48c7a4", size = 1949067, upload-time = "2022-06-27T11:34:18.984Z" },
    { url = "https://files.pythonhosted.org/packages/cd/3b/3e20072464e98314eafdc5bc5744454ade6e6f5e525fb29f6b4555173811/clang_format-14.0.6-py2.py3-none-manylinux_2_17_s390x.manylinux2014_s390x.whl", hash = "sha256:aaf4edecc46a24f0b572b82cf5827e292ad1c137903427627c4d5f671668cc2b", size = 1187836, upload-time = "2022-06-27T11:34:23.88Z" },
    { url = "https://files.pythonhosted.org/packages/6e/06/302903004246dd62a11965e9f672b975c58ad6966985dbcaa14c6cdb4779/clang_format-14.0.6-py2.py3-none-win32.whl", hash = "sha256:810c649ab97d208cd418c897d50ab6e958eb8d96854527edd80d0dd21a75e914", size = 833512, upload-time = "2022-06-27T11:34:27.769Z" },
    { url = "https://files.pythonhosted.org/packages/63/7a/1f11404d5097263ad065cf9166dd00be0a8c1040c1ec4f57921ac07591eb/clang_format-14.0.6-py2.py3-none-win_amd64.whl", hash = "sha256:d780c04334bca80f2b60d25bf53c37bd0618520ee295a7888a11f25bde114ac4", size = 1007035, upload-time = "2022-06-27T11:34:32.164Z" },
]

[[package]]
name = "cmake-format"
version = "0.6.11"
source = { registry = "https://pypi.org/simple" }
dependencies = [
    { name = "six" },
]
sdist = { url = "https://files.pythonhosted.org/packages/88/fd/334fe8448d6fc33d60ced6c07be462d19a364519b871ad397d84f6746b23/cmake_format-0.6.11.tar.gz", hash = "sha256:aa3d0e6156bcd4ae8fbd630ccb1d4995179b37b1b31923f2eb53764104da75f3", size = 125173, upload-time = "2020-07-27T19:13:08.703Z" }
wheels = [
    { url = "https://files.pythonhosted.org/packages/42/35/df6eba13d8b20b01bad78a492cd13ed4179c28a2a058cd84884a979507e7/cmake_format-0.6.11-py3-none-any.whl", hash = "sha256:831d97ea92208e58c3ee2480939dfb07a52ab05e1e103f4a42139e7bbf7c8cb1", size = 166032, upload-time = "2020-07-27T19:13:06.517Z" },
]

[[package]]
name = "cpm-cmake"
version = "0.1.0"
source = { virtual = "." }
dependencies = [
    { name = "clang-format" },
    { name = "cmake-format" },
    { name = "pyyaml" },
]

[package.metadata]
requires-dist = [
    { name = "clang-format", specifier = ">=14.0.6" },
    { name = "cmake-format", specifier = ">=0.6.11" },
    { name = "pyyaml", specifier = ">=6.0.3" },
]

[[package]]
name = "pyyaml"
version = "6.0.3"
source = { registry = "https://pypi.org/simple" }
sdist = { url = "https://files.pythonhosted.org/packages/05/8e/961c0007c59b8dd7729d542c61a4d537767a59645b82a0b521206e1e25c2/pyyaml-6.0.3.tar.gz", hash = "sha256:d76623373421df22fb4cf8817020cbb7ef15c725b9d5e45f17e189bfc384190f", size = 130960, upload-time = "2025-09-25T21:33:16.546Z" }
wheels = [
    { url = "https://files.pythonhosted.org/packages/9d/8c/f4bd7f6465179953d3ac9bc44ac1a8a3e6122cf8ada906b4f96c60172d43/pyyaml-6.0.3-cp314-cp314-macosx_10_13_x86_64.whl", hash = "sha256:8d1fab6bb153a416f9aeb4b8763bc0f22a5586065f86f7664fc23339fc1c1fac", size = 181814, upload-time = "2025-09-25T21:32:35.712Z" },
    { url = "https://files.pythonhosted.org/packages/bd/9c/4d95bb87eb2063d20db7b60faa3840c1b18025517ae857371c4dd55a6b3a/pyyaml-6.0.3-cp314-cp314-macosx_11_0_arm64.whl", hash = "sha256:34d5fcd24b8445fadc33f9cf348c1047101756fd760b4dacb5c3e99755703310", size = 173809, upload-time = "2025-09-25T21:32:36.789Z" },
    { url = "https://files.pythonhosted.org/packages/92/b5/47e807c2623074914e29dabd16cbbdd4bf5e9b2db9f8090fa64411fc5382/pyyaml-6.0.3-cp314-cp314-manylinux2014_aarch64.manylinux_2_17_aarch64.manylinux_2_28_aarch64.whl", hash = "sha256:501a031947e3a9025ed4405a168e6ef5ae3126c59f90ce0cd6f2bfc477be31b7", size = 766454, upload-time = "2025-09-25T21:32:37.966Z" },
    { url = "https://files.pythonhosted.org/packages/02/9e/e5e9b168be58564121efb3de6859c452fccde0ab093d8438905899a3a483/pyyaml-6.0.3-cp314-cp314-manylinux2014_s390x.manylinux_2_17_s390x.manylinux_2_28_s390x.whl", hash = "sha256:b3bc83488de33889877a0f2543ade9f70c67d66d9ebb4ac959502e12de895788", size = 836355, upload-time = "2025-09-25T21:32:39.178Z" },
    { url = "https://files.pythonhosted.org/packages/88/f9/16491d7ed2a919954993e48aa941b200f38040928474c9e85ea9e64222c3/pyyaml-6.0.3-cp314-cp314-manylinux2014_x86_64.manylinux_2_17_x86_64.manylinux_2_28_x86_64.whl", hash = "sha256:c458b6d084f9b935061bc36216e8a69a7e293a2f1e68bf956dcd9e6cbcd143f5", size = 794175, upload-time = "2025-09-25T21:32:40.865Z" },
    { url = "https://files.pythonhosted.org/packages/dd/3f/5989debef34dc6397317802b527dbbafb2b4760878a53d4166579111411e/pyyaml-6.0.3-cp314-cp314-musllinux_1_2_aarch64.whl", hash = "sha256:7c6610def4f163542a622a73fb39f534f8c101d690126992300bf3207eab9764", size = 755228, upload-time = "2025-09-25T21:32:42.084Z" },
    { url = "https://files.pythonhosted.org/packages/d7/ce/af88a49043cd2e265be63d083fc75b27b6ed062f5f9fd6cdc223ad62f03e/pyyaml-6.0.3-cp314-cp314-musllinux_1_2_x86_64.whl", hash = "sha256:5190d403f121660ce8d1d2c1bb2ef1bd05b5f68533fc5c2ea899bd15f4399b35", size = 789194, upload-time = "2025-09-25T21:32:43.362Z" },
    { url = "https://files.pythonhosted.org/packages/23/20/bb6982b26a40bb43951265ba29d4c246ef0ff59c9fdcdf0ed04e0687de4d/pyyaml-6.0.3-cp314-cp314-win_amd64.whl", hash = "sha256:4a2e8cebe2ff6ab7d1050ecd59c25d4c8bd7e6f400f5f82b96557ac0abafd0ac", size = 156429, upload-time = "2025-09-25T21:32:57.844Z" },
    { url = "https://files.pythonhosted.org/packages/f4/f4/a4541072bb9422c8a883ab55255f918fa378ecf083f5b85e87fc2b4eda1b/pyyaml-6.0.3-cp314-cp314-win_arm64.whl", hash = "sha256:93dda82c9c22deb0a405ea4dc5f2d0cda384168e466364dec6255b293923b2f3", size = 143912, upload-time = "2025-09-25T21:32:59.247Z" },
    { url = "https://files.pythonhosted.org/packages/7c/f9/07dd09ae774e4616edf6cda684ee78f97777bdd15847253637a6f052a62f/pyyaml-6.0.3-cp314-cp314t-macosx_10_13_x86_64.whl", hash = "sha256:02893d100e99e03eda1c8fd5c441d8c60103fd175728e23e431db1b589cf5ab3", size = 189108, upload-time = "2025-09-25T21:32:44.377Z" },
    { url = "https://files.pythonhosted.org/packages/4e/78/8d08c9fb7ce09ad8c38ad533c1191cf27f7ae1effe5bb9400a46d9437fcf/pyyaml-6.0.3-cp314-cp314t-macosx_11_0_arm64.whl", hash = "sha256:c1ff362665ae507275af2853520967820d9124984e0f7466736aea23d8611fba", size = 183641, upload-time = "2025-09-25T21:32:45.407Z" },
    { url = "https://files.pythonhosted.org/packages/7b/5b/3babb19104a46945cf816d047db2788bcaf8c94527a805610b0289a01c6b/pyyaml-6.0.3-cp314-cp314t-manylinux2014_aarch64.manylinux_2_17_aarch64.manylinux_2_28_aarch64.whl", hash = "sha256:6adc77889b628398debc7b65c073bcb99c4a0237b248cacaf3fe8a557563ef6c", size = 831901, upload-time = "2025-09-25T21:32:48.83Z" },
    { url = "https://files.pythonhosted.org/packages/8b/cc/dff0684d8dc44da4d22a13f35f073d558c268780ce3c6ba1b87055bb0b87/pyyaml-6.0.3-cp314-cp314t-manylinux2014_s390x.manylinux_2_17_s390x.manylinux_2_28_s390x.whl", hash = "sha256:a80cb027f6b349846a3bf6d73b5e95e782175e52f22108cfa17876aaeff93702", size = 861132, upload-time = "2025-09-25T21:32:50.149Z" },
    { url = "https://files.pythonhosted.org/packages/b1/5e/f77dc6b9036943e285ba76b49e118d9ea929885becb0a29ba8a7c75e29fe/pyyaml-6.0.3-cp314-cp314t-manylinux2014_x86_64.manylinux_2_17_x86_64.manylinux_2_28_x86_64.whl", hash = "sha256:00c4bdeba853cc34e7dd471f16b4114f4162dc03e6b7afcc2128711f0eca823c", size = 839261, upload-time = "2025-09-25T21:32:51.808Z" },
    { url = "https://files.pythonhosted.org/packages/ce/88/a9db1376aa2a228197c58b37302f284b5617f56a5d959fd1763fb1675ce6/pyyaml-6.0.3-cp314-cp314t-musllinux_1_2_aarch64.whl", hash = "sha256:66e1674c3ef6f541c35191caae2d429b967b99e02040f5ba928632d9a7f0f065", size = 805272, upload-time = "2025-09-25T21:32:52.941Z" },
    { url = "https://files.pythonhosted.org/packages/da/92/1446574745d74df0c92e6aa4a7b0b3130706a4142b2d1a5869f2eaa423c6/pyyaml-6.0.3-cp314-cp314t-musllinux_1_2_x86_64.whl", hash = "sha256:16249ee61e95f858e83976573de0f5b2893b3677ba71c9dd36b9cf8be9ac6d65", size = 829923, upload-time = "2025-09-25T21:32:54.537Z" },
    { url = "https://files.pythonhosted.org/packages/f0/7a/1c7270340330e575b92f397352af856a8c06f230aa3e76f86b39d01b416a/pyyaml-6.0.3-cp314-cp314t-win_amd64.whl", hash = "sha256:4ad1906908f2f5ae4e5a8ddfce73c320c2a1429ec52eafd27138b7f1cbe341c9", size = 174062, upload-time = "2025-09-25T21:32:55.767Z" },
    { url = "https://files.pythonhosted.org/packages/f1/12/de94a39c2ef588c7e6455cfbe7343d3b2dc9d6b6b2f40c4c6565744c873d/pyyaml-6.0.3-cp314-cp314t-win_arm64.whl", hash = "sha256:ebc55a14a21cb14062aa4162f906cd962b28e2e9ea38f9b4391244cd8de4ae0b", size = 149341, upload-time = "2025-09-25T21:32:56.828Z" },
]

[[package]]
name = "six"
version = "1.17.0"
source = { registry = "https://pypi.org/simple" }
sdist = { url = "https://files.pythonhosted.org/packages/94/e7/b2c673351809dca68a0e064b6af791aa332cf192da575fd474ed7d6f16a2/six-1.17.0.tar.gz", hash = "sha256:ff70335d468e7eb6ec65b95b99d3a2836546063f63acc5171de367e834932a81", size = 34031, upload-time = "2024-12-04T17:35:28.174Z" }
wheels = [
    { url = "https://files.pythonhosted.org/packages/b7/ce/149a00dd41f10bc29e5921b496af8b574d8413afcd5e30dfa0ed46c2cc5e/six-1.17.0-py2.py3-none-any.whl", hash = "sha256:4721f391ed90541fddacab5acf947aa0d3dc7d27b2e1e8eda2be8970586c3274", size = 11050, upload-time = "2024-12-04T17:35:26.475Z" },
]
